
Microsoft Visual Studio Solution File, Format Version 12.00
# Visual Studio 15
VisualStudioVersion = 15.0.28307.329
MinimumVisualStudioVersion = 10.0.40219.1
Project("{FAE04EC0-301F-11D3-BF4B-00C04F79EFBC}") = "Task4", "Task4\Task4.csproj", "{360AEA67-3EFA-4334-B73C-3733D7717898}"
EndProject
Global
	GlobalSection(SolutionConfigurationPlatforms) = preSolution
		Debug|Any CPU = Debug|Any CPU
		Release|Any CPU = Release|Any CPU
	EndGlobalSection
	GlobalSection(ProjectConfigurationPlatforms) = postSolution
		{360AEA67-3EFA-4334-B73C-3733D7717898}.Debug|Any CPU.ActiveCfg = Debug|Any CPU
		{360AEA67-3EFA-4334-B73C-3733D7717898}.Debug|Any CPU.Build.0 = Debug|Any CPU
		{360AEA67-3EFA-4334-B73C-3733D7717898}.Release|Any CPU.ActiveCfg = Release|Any CPU
		{360AEA67-3EFA-4334-B73C-3733D7717898}.Release|Any CPU.Build.0 = Release|Any CPU
	EndGlobalSection
	GlobalSection(SolutionProperties) = preSolution
		HideSolutionNode = FALSE
	EndGlobalSection
	GlobalSection(ExtensibilityGlobals) = postSolution
		SolutionGuid = {D20787EF-FA1E-4A2F-9E20-F37870D05331}
	EndGlobalSection
EndGlobal
