
Microsoft Visual Studio Solution File, Format Version 12.00
# Visual Studio 15
VisualStudioVersion = 15.0.28307.329
MinimumVisualStudioVersion = 10.0.40219.1
Project("{FAE04EC0-301F-11D3-BF4B-00C04F79EFBC}") = "Task2", "Task2\Task2.csproj", "{ED4FF788-B84B-4FA8-BFFC-32A02040F993}"
EndProject
Global
	GlobalSection(SolutionConfigurationPlatforms) = preSolution
		Debug|Any CPU = Debug|Any CPU
		Release|Any CPU = Release|Any CPU
	EndGlobalSection
	GlobalSection(ProjectConfigurationPlatforms) = postSolution
		{ED4FF788-B84B-4FA8-BFFC-32A02040F993}.Debug|Any CPU.ActiveCfg = Debug|Any CPU
		{ED4FF788-B84B-4FA8-BFFC-32A02040F993}.Debug|Any CPU.Build.0 = Debug|Any CPU
		{ED4FF788-B84B-4FA8-BFFC-32A02040F993}.Release|Any CPU.ActiveCfg = Release|Any CPU
		{ED4FF788-B84B-4FA8-BFFC-32A02040F993}.Release|Any CPU.Build.0 = Release|Any CPU
	EndGlobalSection
	GlobalSection(SolutionProperties) = preSolution
		HideSolutionNode = FALSE
	EndGlobalSection
	GlobalSection(ExtensibilityGlobals) = postSolution
		SolutionGuid = {D7E1B947-A5D5-4EDE-AE01-2B22A0CFEF9B}
	EndGlobalSection
EndGlobal
