
Microsoft Visual Studio Solution File, Format Version 12.00
# Visual Studio 15
VisualStudioVersion = 15.0.28307.329
MinimumVisualStudioVersion = 10.0.40219.1
Project("{FAE04EC0-301F-11D3-BF4B-00C04F79EFBC}") = "Task3", "Task3\Task3.csproj", "{FF08CE3D-47BD-4DF4-8A8B-763C5C4EEBFB}"
EndProject
Global
	GlobalSection(SolutionConfigurationPlatforms) = preSolution
		Debug|Any CPU = Debug|Any CPU
		Release|Any CPU = Release|Any CPU
	EndGlobalSection
	GlobalSection(ProjectConfigurationPlatforms) = postSolution
		{FF08CE3D-47BD-4DF4-8A8B-763C5C4EEBFB}.Debug|Any CPU.ActiveCfg = Debug|Any CPU
		{FF08CE3D-47BD-4DF4-8A8B-763C5C4EEBFB}.Debug|Any CPU.Build.0 = Debug|Any CPU
		{FF08CE3D-47BD-4DF4-8A8B-763C5C4EEBFB}.Release|Any CPU.ActiveCfg = Release|Any CPU
		{FF08CE3D-47BD-4DF4-8A8B-763C5C4EEBFB}.Release|Any CPU.Build.0 = Release|Any CPU
	EndGlobalSection
	GlobalSection(SolutionProperties) = preSolution
		HideSolutionNode = FALSE
	EndGlobalSection
	GlobalSection(ExtensibilityGlobals) = postSolution
		SolutionGuid = {14017CDE-8975-45FD-B243-6AE82949D4D8}
	EndGlobalSection
EndGlobal
